
Microsoft Visual Studio Solution File, Format Version 12.00
# Visual Studio Version 17
VisualStudioVersion = 17.11.35312.102
MinimumVisualStudioVersion = 10.0.40219.1
Project("{FAE04EC0-301F-11D3-BF4B-00C04F79EFBC}") = "TimerExample", "TimerExample\TimerExample.csproj", "{E26C4926-3FBE-4E59-8DB8-9E288DC2C722}"
EndProject
Global
	GlobalSection(SolutionConfigurationPlatforms) = preSolution
		Debug|Any CPU = Debug|Any CPU
		Release|Any CPU = Release|Any CPU
	EndGlobalSection
	GlobalSection(ProjectConfigurationPlatforms) = postSolution
		{E26C4926-3FBE-4E59-8DB8-9E288DC2C722}.Debug|Any CPU.ActiveCfg = Debug|Any CPU
		{E26C4926-3FBE-4E59-8DB8-9E288DC2C722}.Debug|Any CPU.Build.0 = Debug|Any CPU
		{E26C4926-3FBE-4E59-8DB8-9E288DC2C722}.Release|Any CPU.ActiveCfg = Release|Any CPU
		{E26C4926-3FBE-4E59-8DB8-9E288DC2C722}.Release|Any CPU.Build.0 = Release|Any CPU
	EndGlobalSection
	GlobalSection(SolutionProperties) = preSolution
		HideSolutionNode = FALSE
	EndGlobalSection
	GlobalSection(ExtensibilityGlobals) = postSolution
		SolutionGuid = {DE7DEC9D-F523-4837-AB70-5BC020735848}
	EndGlobalSection
EndGlobal
